<?xml version="1.0" encoding="utf-8"?>
<Project ToolsVersion="4.0" xmlns="http://schemas.microsoft.com/developer/msbuild/2003">
  <ItemGroup>
    <Filter Include="源文件">
      <UniqueIdentifier>{4FC737F1-C7A5-4376-A066-2A32D752A2FF}</UniqueIdentifier>
      <Extensions>cpp;c;cc;cxx;c++;cppm;ixx;def;odl;idl;hpj;bat;asm;asmx</Extensions>
    </Filter>
    <Filter Include="头文件">
      <UniqueIdentifier>{93995380-89BD-4b04-88EB-625FBE52EBFB}</UniqueIdentifier>
      <Extensions>h;hh;hpp;hxx;h++;hm;inl;inc;ipp;xsd</Extensions>
    </Filter>
    <Filter Include="资源文件">
      <UniqueIdentifier>{67DA6AB6-F800-4c08-8B7A-83BB121AAD01}</UniqueIdentifier>
      <Extensions>rc;ico;cur;bmp;dlg;rc2;rct;bin;rgs;gif;jpg;jpeg;jpe;resx;tiff;tif;png;wav;mfcribbon-ms</Extensions>
    </Filter>
    <Filter Include="头文件\include">
      <UniqueIdentifier>{64c6aef7-4765-4236-9a9d-b44a1ade193e}</UniqueIdentifier>
    </Filter>
    <Filter Include="Shader">
      <UniqueIdentifier>{3c442b5c-b2e7-4cd5-8595-f8623a8d99e4}</UniqueIdentifier>
    </Filter>
    <Filter Include="Shader\shadowMap">
      <UniqueIdentifier>{0e750c62-1e84-4b46-a3ff-9451f7fb25f9}</UniqueIdentifier>
    </Filter>
    <Filter Include="Shader\mary">
      <UniqueIdentifier>{b3d473da-ef57-4788-abbd-43b1969b3f37}</UniqueIdentifier>
    </Filter>
    <Filter Include="Shader\floor">
      <UniqueIdentifier>{d1ee2f53-c264-4235-8343-89125fd37f10}</UniqueIdentifier>
    </Filter>
    <Filter Include="Shader\textureShader">
      <UniqueIdentifier>{0cb0d5c9-4932-4293-a2fa-9355bcd2dce7}</UniqueIdentifier>
    </Filter>
    <Filter Include="Shader\pointLightShader">
      <UniqueIdentifier>{c2120377-187c-4f81-b11e-b69fe731c9ac}</UniqueIdentifier>
    </Filter>
    <Filter Include="Shader\environmentBoxShader">
      <UniqueIdentifier>{30391473-77eb-4a66-97a7-af7a0620dbcd}</UniqueIdentifier>
    </Filter>
    <Filter Include="Object">
      <UniqueIdentifier>{dca3a20a-5bbf-4526-84ba-a0bd9b5668e5}</UniqueIdentifier>
    </Filter>
    <Filter Include="Shader\SHFloorShader">
      <UniqueIdentifier>{b70b75fe-fe70-4e45-b71b-a2f8f24d5013}</UniqueIdentifier>
    </Filter>
    <Filter Include="Shader\SHMaryShader">
      <UniqueIdentifier>{f4711113-b2fb-4f88-b33f-6c2bcf6e62ac}</UniqueIdentifier>
    </Filter>
    <Filter Include="Shader\blinnPhong">
      <UniqueIdentifier>{4546252a-c616-4c29-b3fb-5bc6244a2a4d}</UniqueIdentifier>
    </Filter>
    <Filter Include="Shader\SSRTMipmapShader">
      <UniqueIdentifier>{e2bddda8-f382-4fe0-adc8-29f1eb5026de}</UniqueIdentifier>
    </Filter>
    <Filter Include="Shader\processingTexture">
      <UniqueIdentifier>{8b0bebd6-997e-4073-8e00-7ba9867050c8}</UniqueIdentifier>
    </Filter>
    <Filter Include="Shader\SSRTMipmapShader\SSRT">
      <UniqueIdentifier>{9d39e070-a04e-4d12-bc34-e556fd405dff}</UniqueIdentifier>
    </Filter>
    <Filter Include="Shader\SSRTMipmapShader\gBufferGenShader">
      <UniqueIdentifier>{44001fe5-3ca2-44c8-a853-26c6895c05a0}</UniqueIdentifier>
    </Filter>
    <Filter Include="Shader\ball">
      <UniqueIdentifier>{4b798210-5641-4688-be84-8141020b4268}</UniqueIdentifier>
    </Filter>
    <Filter Include="Shader\kullaContyShader">
      <UniqueIdentifier>{ca43699b-e0d1-4bf5-bb3b-ea59b6b2989c}</UniqueIdentifier>
    </Filter>
    <Filter Include="Shader\pbrShader">
      <UniqueIdentifier>{37dfec50-2e92-4073-a647-c21fcfd68841}</UniqueIdentifier>
    </Filter>
    <Filter Include="Shader\cookTorranceShader">
      <UniqueIdentifier>{b27863c5-7d3b-4c80-a675-0e9ea2b7e4ad}</UniqueIdentifier>
    </Filter>
    <Filter Include="Shader\prt">
      <UniqueIdentifier>{762c5c15-fc84-4766-a103-05716c3fbfd3}</UniqueIdentifier>
    </Filter>
    <Filter Include="Shader\IBL">
      <UniqueIdentifier>{c2dd0be6-109d-487b-a58d-43fd9fa3262d}</UniqueIdentifier>
    </Filter>
    <Filter Include="Shader\IBLIrradiance">
      <UniqueIdentifier>{0f589149-f92e-46f2-ae29-2b52fbe019c5}</UniqueIdentifier>
    </Filter>
    <Filter Include="Shader\prefilterShader">
      <UniqueIdentifier>{0f7152c2-03e8-4236-b31f-26ba120be9ea}</UniqueIdentifier>
    </Filter>
    <Filter Include="Shader\hdrMapToSkybox">
      <UniqueIdentifier>{8eca5c55-75cf-4c04-aa6a-3b6ae951c506}</UniqueIdentifier>
    </Filter>
  </ItemGroup>
  <ItemGroup>
    <ClCompile Include="glad.c">
      <Filter>头文件\include</Filter>
    </ClCompile>
    <ClCompile Include="main.cpp">
      <Filter>源文件</Filter>
    </ClCompile>
    <ClCompile Include="Tool.cpp">
      <Filter>源文件</Filter>
    </ClCompile>
    <ClCompile Include="Shader.cpp">
      <Filter>源文件</Filter>
    </ClCompile>
    <ClCompile Include="Mesh.cpp">
      <Filter>源文件</Filter>
    </ClCompile>
    <ClCompile Include="Model.cpp">
      <Filter>源文件</Filter>
    </ClCompile>
    <ClCompile Include="Camera.cpp">
      <Filter>源文件</Filter>
    </ClCompile>
    <ClCompile Include="Scene.cpp">
      <Filter>源文件</Filter>
    </ClCompile>
    <ClCompile Include="Light.cpp">
      <Filter>源文件</Filter>
    </ClCompile>
    <ClCompile Include="FrameBuffer.cpp">
      <Filter>源文件</Filter>
    </ClCompile>
    <ClCompile Include="Texture.cpp">
      <Filter>源文件</Filter>
    </ClCompile>
    <ClCompile Include="UniformBlock.cpp">
      <Filter>源文件</Filter>
    </ClCompile>
    <ClCompile Include="Vertex.cpp">
      <Filter>源文件</Filter>
    </ClCompile>
    <ClCompile Include="environmentBox.cpp">
      <Filter>源文件</Filter>
    </ClCompile>
    <ClCompile Include="material.cpp">
      <Filter>Object</Filter>
    </ClCompile>
    <ClCompile Include="loadObject.cpp">
      <Filter>Object</Filter>
    </ClCompile>
    <ClCompile Include="objectMesh.cpp">
      <Filter>Object</Filter>
    </ClCompile>
  </ItemGroup>
  <ItemGroup>
    <ClInclude Include="stb_image.h">
      <Filter>头文件\include</Filter>
    </ClInclude>
    <ClInclude Include="Tool.h">
      <Filter>头文件</Filter>
    </ClInclude>
    <ClInclude Include="Shader.h">
      <Filter>头文件</Filter>
    </ClInclude>
    <ClInclude Include="Mesh.h">
      <Filter>头文件</Filter>
    </ClInclude>
    <ClInclude Include="Model.h">
      <Filter>头文件</Filter>
    </ClInclude>
    <ClInclude Include="Camera.h">
      <Filter>头文件</Filter>
    </ClInclude>
    <ClInclude Include="Scene.h">
      <Filter>头文件</Filter>
    </ClInclude>
    <ClInclude Include="Light.h">
      <Filter>头文件</Filter>
    </ClInclude>
    <ClInclude Include="FrameBuffer.h">
      <Filter>头文件</Filter>
    </ClInclude>
    <ClInclude Include="Texture.h">
      <Filter>头文件</Filter>
    </ClInclude>
    <ClInclude Include="UniformBlock.h">
      <Filter>头文件</Filter>
    </ClInclude>
    <ClInclude Include="Vertex.h">
      <Filter>头文件</Filter>
    </ClInclude>
    <ClInclude Include="environmentBox.h">
      <Filter>头文件</Filter>
    </ClInclude>
    <ClInclude Include="loadObject.h">
      <Filter>Object</Filter>
    </ClInclude>
    <ClInclude Include="object.h">
      <Filter>Object</Filter>
    </ClInclude>
    <ClInclude Include="material.h">
      <Filter>Object</Filter>
    </ClInclude>
    <ClInclude Include="objectMesh.h">
      <Filter>Object</Filter>
    </ClInclude>
  </ItemGroup>
  <ItemGroup>
    <None Include="shadowMapVertexShader.glsl">
      <Filter>Shader\shadowMap</Filter>
    </None>
    <None Include="maryVertexShader.glsl">
      <Filter>Shader\mary</Filter>
    </None>
    <None Include="maryFragmentShader.glsl">
      <Filter>Shader\mary</Filter>
    </None>
    <None Include="shadowMapFragmentShader.glsl">
      <Filter>Shader\shadowMap</Filter>
    </None>
    <None Include="floorVertexShader.glsl">
      <Filter>Shader\floor</Filter>
    </None>
    <None Include="floorFragmentShader.glsl">
      <Filter>Shader\floor</Filter>
    </None>
    <None Include="blinnPhongVertexShader.glsl">
      <Filter>Shader\blinnPhong</Filter>
    </None>
    <None Include="blinnPhongFragmentShader.glsl">
      <Filter>Shader\blinnPhong</Filter>
    </None>
    <None Include="textureVertexShader.glsl">
      <Filter>Shader\textureShader</Filter>
    </None>
    <None Include="textureFragmentShader.glsl">
      <Filter>Shader\textureShader</Filter>
    </None>
    <None Include="pointLightVertexShader.glsl">
      <Filter>Shader\pointLightShader</Filter>
    </None>
    <None Include="pointLightFragmentShader.glsl">
      <Filter>Shader\pointLightShader</Filter>
    </None>
    <None Include="environmentBoxVertexShader.glsl">
      <Filter>Shader\environmentBoxShader</Filter>
    </None>
    <None Include="environmentBoxFragmentShader.glsl">
      <Filter>Shader\environmentBoxShader</Filter>
    </None>
    <None Include="SHMaryVertexShader.glsl">
      <Filter>Shader\SHMaryShader</Filter>
    </None>
    <None Include="SHMaryFragmentShader.glsl">
      <Filter>Shader\SHMaryShader</Filter>
    </None>
    <None Include="SHFloorFragmentShader.glsl">
      <Filter>Shader\SHFloorShader</Filter>
    </None>
    <None Include="SHFloorVertexShader.glsl">
      <Filter>Shader\SHFloorShader</Filter>
    </None>
    <None Include="cpp.hint" />
    <None Include="enterMaxDepthVertexShader.glsl">
      <Filter>Shader\processingTexture</Filter>
    </None>
    <None Include="enterMaxDepthFragmentShader.glsl">
      <Filter>Shader\processingTexture</Filter>
    </None>
    <None Include="SSRTVertexShader.glsl">
      <Filter>Shader\SSRTMipmapShader\SSRT</Filter>
    </None>
    <None Include="SSRTFragmentShader.glsl">
      <Filter>Shader\SSRTMipmapShader\SSRT</Filter>
    </None>
    <None Include="SSRTMipmapVertexShader.glsl">
      <Filter>Shader\SSRTMipmapShader\gBufferGenShader</Filter>
    </None>
    <None Include="SSRTMipmapFragmentShader.glsl">
      <Filter>Shader\SSRTMipmapShader\gBufferGenShader</Filter>
    </None>
    <None Include="SSRTGenLevelMapVertexShader.glsl">
      <Filter>Shader\SSRTMipmapShader\gBufferGenShader</Filter>
    </None>
    <None Include="SSRTGenLevelMapFragmentShader.glsl">
      <Filter>Shader\SSRTMipmapShader\gBufferGenShader</Filter>
    </None>
    <None Include="ballVertexShader.glsl">
      <Filter>Shader\ball</Filter>
    </None>
    <None Include="ballFragmentShader.glsl">
      <Filter>Shader\ball</Filter>
    </None>
    <None Include="kullaContyVertexShader.glsl">
      <Filter>Shader\kullaContyShader</Filter>
    </None>
    <None Include="kullaContyFragmentShader.glsl">
      <Filter>Shader\kullaContyShader</Filter>
    </None>
    <None Include="pbrVertexShader.glsl">
      <Filter>Shader\pbrShader</Filter>
    </None>
    <None Include="pbrFragmentShader.glsl">
      <Filter>Shader\pbrShader</Filter>
    </None>
    <None Include="cookTorranceFragmentShader.glsl">
      <Filter>Shader\cookTorranceShader</Filter>
    </None>
    <None Include="cookTorranceVertexShader.glsl">
      <Filter>Shader\cookTorranceShader</Filter>
    </None>
    <None Include="LUTVertexShader.glsl">
      <Filter>Shader\prt</Filter>
    </None>
    <None Include="LUTFragmentShader.glsl">
      <Filter>Shader\prt</Filter>
    </None>
    <None Include="IBLCookTorranceVertexShader.glsl">
      <Filter>Shader\IBL</Filter>
    </None>
    <None Include="IBLCookTorranceFragmentShader.glsl">
      <Filter>Shader\IBL</Filter>
    </None>
    <None Include="IBLIrradianceVertexShader.glsl">
      <Filter>Shader\IBLIrradiance</Filter>
    </None>
    <None Include="IBLIrradianceFragmentShader.glsl">
      <Filter>Shader\IBLIrradiance</Filter>
    </None>
    <None Include="prefilterVertexShader.glsl">
      <Filter>Shader\prefilterShader</Filter>
    </None>
    <None Include="prefilterFragmentShader.glsl">
      <Filter>Shader\prefilterShader</Filter>
    </None>
    <None Include="IBLKullaContyVertexShader.glsl">
      <Filter>Shader\IBL</Filter>
    </None>
    <None Include="IBLKullaContyFragmentShader.glsl">
      <Filter>Shader\IBL</Filter>
    </None>
    <None Include="hdrMapToSkyboxVertexShader.glsl">
      <Filter>Shader\hdrMapToSkybox</Filter>
    </None>
    <None Include="hdrMapToSkyboxFragmentShader.glsl">
      <Filter>Shader\hdrMapToSkybox</Filter>
    </None>
  </ItemGroup>
</Project>